// !$*UTF8*$!
{
	archiveVersion = 1;
	classes = {
	};
	objectVersion = 56;
	objects = {

/* Begin PBXBuildFile section */
		01C894C12B0E7B7800C610B7 /* AppDelegate.swift in Sources */ = {isa = PBXBuildFile; fileRef = 01C894C02B0E7B7800C610B7 /* AppDelegate.swift */; };
		01C894C32B0E7B7800C610B7 /* SceneDelegate.swift in Sources */ = {isa = PBXBuildFile; fileRef = 01C894C22B0E7B7800C610B7 /* SceneDelegate.swift */; };
		01C894CA2B0E7B7900C610B7 /* Assets.xcassets in Resources */ = {isa = PBXBuildFile; fileRef = 01C894C92B0E7B7900C610B7 /* Assets.xcassets */; };
		01C894CD2B0E7B7900C610B7 /* LaunchScreen.storyboard in Resources */ = {isa = PBXBuildFile; fileRef = 01C894CB2B0E7B7900C610B7 /* LaunchScreen.storyboard */; };
		01C894FD2B0E7BB100C610B7 /* TabBarController.swift in Sources */ = {isa = PBXBuildFile; fileRef = 01C894D52B0E7BB100C610B7 /* TabBarController.swift */; };
		01C894FE2B0E7BB100C610B7 /* Date.swift in Sources */ = {isa = PBXBuildFile; fileRef = 01C894D72B0E7BB100C610B7 /* Date.swift */; };
		01C894FF2B0E7BB100C610B7 /* FormatDate.swift in Sources */ = {isa = PBXBuildFile; fileRef = 01C894D82B0E7BB100C610B7 /* FormatDate.swift */; };
		01C895002B0E7BB100C610B7 /* UIColor.swift in Sources */ = {isa = PBXBuildFile; fileRef = 01C894D92B0E7BB100C610B7 /* UIColor.swift */; };
		01C895012B0E7BB100C610B7 /* UITextField.swift in Sources */ = {isa = PBXBuildFile; fileRef = 01C894DA2B0E7BB100C610B7 /* UITextField.swift */; };
		01C895022B0E7BB100C610B7 /* String.swift in Sources */ = {isa = PBXBuildFile; fileRef = 01C894DB2B0E7BB100C610B7 /* String.swift */; };
		01C895032B0E7BB100C610B7 /* StringProtocol.swift in Sources */ = {isa = PBXBuildFile; fileRef = 01C894DC2B0E7BB100C610B7 /* StringProtocol.swift */; };
		01C895042B0E7BB100C610B7 /* TrackerCollectionView.swift in Sources */ = {isa = PBXBuildFile; fileRef = 01C894DE2B0E7BB100C610B7 /* TrackerCollectionView.swift */; };
		01C895052B0E7BB100C610B7 /* CreateTrackerTableViewCell.swift in Sources */ = {isa = PBXBuildFile; fileRef = 01C894E02B0E7BB100C610B7 /* CreateTrackerTableViewCell.swift */; };
		01C895062B0E7BB100C610B7 /* WeekDayTableViewCell.swift in Sources */ = {isa = PBXBuildFile; fileRef = 01C894E12B0E7BB100C610B7 /* WeekDayTableViewCell.swift */; };
		01C895072B0E7BB100C610B7 /* TrackersCollectionViewCell.swift in Sources */ = {isa = PBXBuildFile; fileRef = 01C894E22B0E7BB100C610B7 /* TrackersCollectionViewCell.swift */; };
		01C895082B0E7BB100C610B7 /* ColorCollectionViewCell.swift in Sources */ = {isa = PBXBuildFile; fileRef = 01C894E32B0E7BB100C610B7 /* ColorCollectionViewCell.swift */; };
		01C895092B0E7BB100C610B7 /* EmojiColorCollectionViewCell.swift in Sources */ = {isa = PBXBuildFile; fileRef = 01C894E42B0E7BB100C610B7 /* EmojiColorCollectionViewCell.swift */; };
		01C8950A2B0E7BB100C610B7 /* CreateCategoriesTableViewCell.swift in Sources */ = {isa = PBXBuildFile; fileRef = 01C894E52B0E7BB100C610B7 /* CreateCategoriesTableViewCell.swift */; };
		01C8950B2B0E7BB100C610B7 /* HeaderReusableView.swift in Sources */ = {isa = PBXBuildFile; fileRef = 01C894E72B0E7BB100C610B7 /* HeaderReusableView.swift */; };
		01C8950C2B0E7BB100C610B7 /* ScheduleViewController.swift in Sources */ = {isa = PBXBuildFile; fileRef = 01C894E92B0E7BB100C610B7 /* ScheduleViewController.swift */; };
		01C8950D2B0E7BB100C610B7 /* CreateTrackerViewController.swift in Sources */ = {isa = PBXBuildFile; fileRef = 01C894EA2B0E7BB100C610B7 /* CreateTrackerViewController.swift */; };
		01C8950E2B0E7BB100C610B7 /* TrackersViewController.swift in Sources */ = {isa = PBXBuildFile; fileRef = 01C894EB2B0E7BB100C610B7 /* TrackersViewController.swift */; };
		01C8950F2B0E7BB100C610B7 /* CreateCategoriesViewController.swift in Sources */ = {isa = PBXBuildFile; fileRef = 01C894EC2B0E7BB100C610B7 /* CreateCategoriesViewController.swift */; };
		01C895102B0E7BB100C610B7 /* EventSelectionViewController.swift in Sources */ = {isa = PBXBuildFile; fileRef = 01C894ED2B0E7BB100C610B7 /* EventSelectionViewController.swift */; };
		01C895112B0E7BB100C610B7 /* StatisticViewController.swift in Sources */ = {isa = PBXBuildFile; fileRef = 01C894EE2B0E7BB100C610B7 /* StatisticViewController.swift */; };
		01C895122B0E7BB100C610B7 /* NewCategoryViewController.swift in Sources */ = {isa = PBXBuildFile; fileRef = 01C894EF2B0E7BB100C610B7 /* NewCategoryViewController.swift */; };
		01C895132B0E7BB100C610B7 /* GeometricParams.swift in Sources */ = {isa = PBXBuildFile; fileRef = 01C894F12B0E7BB100C610B7 /* GeometricParams.swift */; };
		01C895142B0E7BB100C610B7 /* RecordStateCell.swift in Sources */ = {isa = PBXBuildFile; fileRef = 01C894F22B0E7BB100C610B7 /* RecordStateCell.swift */; };
		01C895152B0E7BB100C610B7 /* WeekDay.swift in Sources */ = {isa = PBXBuildFile; fileRef = 01C894F42B0E7BB100C610B7 /* WeekDay.swift */; };
		01C895162B0E7BB100C610B7 /* ChoiceParametrs.swift in Sources */ = {isa = PBXBuildFile; fileRef = 01C894F52B0E7BB100C610B7 /* ChoiceParametrs.swift */; };
		01C895172B0E7BB100C610B7 /* Header.swift in Sources */ = {isa = PBXBuildFile; fileRef = 01C894F62B0E7BB100C610B7 /* Header.swift */; };
		01C895182B0E7BB100C610B7 /* NameEvent.swift in Sources */ = {isa = PBXBuildFile; fileRef = 01C894F72B0E7BB100C610B7 /* NameEvent.swift */; };
		01C895192B0E7BB100C610B7 /* TrackerCategoryModel.swift in Sources */ = {isa = PBXBuildFile; fileRef = 01C894F82B0E7BB100C610B7 /* TrackerCategoryModel.swift */; };
		01C8951A2B0E7BB100C610B7 /* TrackerModel.swift in Sources */ = {isa = PBXBuildFile; fileRef = 01C894F92B0E7BB100C610B7 /* TrackerModel.swift */; };
		01C8951B2B0E7BB100C610B7 /* TrackerRecordModel.swift in Sources */ = {isa = PBXBuildFile; fileRef = 01C894FA2B0E7BB100C610B7 /* TrackerRecordModel.swift */; };
		01C8951C2B0E7BB100C610B7 /* Manager.swift in Sources */ = {isa = PBXBuildFile; fileRef = 01C894FC2B0E7BB100C610B7 /* Manager.swift */; };
/* End PBXBuildFile section */

/* Begin PBXFileReference section */
		01C894BD2B0E7B7800C610B7 /* TrackeriOSMain.app */ = {isa = PBXFileReference; explicitFileType = wrapper.application; includeInIndex = 0; path = TrackeriOSMain.app; sourceTree = BUILT_PRODUCTS_DIR; };
		01C894C02B0E7B7800C610B7 /* AppDelegate.swift */ = {isa = PBXFileReference; lastKnownFileType = sourcecode.swift; path = AppDelegate.swift; sourceTree = "<group>"; };
		01C894C22B0E7B7800C610B7 /* SceneDelegate.swift */ = {isa = PBXFileReference; lastKnownFileType = sourcecode.swift; path = SceneDelegate.swift; sourceTree = "<group>"; };
		01C894C92B0E7B7900C610B7 /* Assets.xcassets */ = {isa = PBXFileReference; lastKnownFileType = folder.assetcatalog; path = Assets.xcassets; sourceTree = "<group>"; };
		01C894CC2B0E7B7900C610B7 /* Base */ = {isa = PBXFileReference; lastKnownFileType = file.storyboard; name = Base; path = Base.lproj/LaunchScreen.storyboard; sourceTree = "<group>"; };
		01C894CE2B0E7B7900C610B7 /* Info.plist */ = {isa = PBXFileReference; lastKnownFileType = text.plist.xml; path = Info.plist; sourceTree = "<group>"; };
		01C894D52B0E7BB100C610B7 /* TabBarController.swift */ = {isa = PBXFileReference; fileEncoding = 4; lastKnownFileType = sourcecode.swift; path = TabBarController.swift; sourceTree = "<group>"; };
		01C894D72B0E7BB100C610B7 /* Date.swift */ = {isa = PBXFileReference; fileEncoding = 4; lastKnownFileType = sourcecode.swift; path = Date.swift; sourceTree = "<group>"; };
		01C894D82B0E7BB100C610B7 /* FormatDate.swift */ = {isa = PBXFileReference; fileEncoding = 4; lastKnownFileType = sourcecode.swift; path = FormatDate.swift; sourceTree = "<group>"; };
		01C894D92B0E7BB100C610B7 /* UIColor.swift */ = {isa = PBXFileReference; fileEncoding = 4; lastKnownFileType = sourcecode.swift; path = UIColor.swift; sourceTree = "<group>"; };
		01C894DA2B0E7BB100C610B7 /* UITextField.swift */ = {isa = PBXFileReference; fileEncoding = 4; lastKnownFileType = sourcecode.swift; path = UITextField.swift; sourceTree = "<group>"; };
		01C894DB2B0E7BB100C610B7 /* String.swift */ = {isa = PBXFileReference; fileEncoding = 4; lastKnownFileType = sourcecode.swift; path = String.swift; sourceTree = "<group>"; };
		01C894DC2B0E7BB100C610B7 /* StringProtocol.swift */ = {isa = PBXFileReference; fileEncoding = 4; lastKnownFileType = sourcecode.swift; path = StringProtocol.swift; sourceTree = "<group>"; };
		01C894DE2B0E7BB100C610B7 /* TrackerCollectionView.swift */ = {isa = PBXFileReference; fileEncoding = 4; lastKnownFileType = sourcecode.swift; path = TrackerCollectionView.swift; sourceTree = "<group>"; };
		01C894E02B0E7BB100C610B7 /* CreateTrackerTableViewCell.swift */ = {isa = PBXFileReference; fileEncoding = 4; lastKnownFileType = sourcecode.swift; path = CreateTrackerTableViewCell.swift; sourceTree = "<group>"; };
		01C894E12B0E7BB100C610B7 /* WeekDayTableViewCell.swift */ = {isa = PBXFileReference; fileEncoding = 4; lastKnownFileType = sourcecode.swift; path = WeekDayTableViewCell.swift; sourceTree = "<group>"; };
		01C894E22B0E7BB100C610B7 /* TrackersCollectionViewCell.swift */ = {isa = PBXFileReference; fileEncoding = 4; lastKnownFileType = sourcecode.swift; path = TrackersCollectionViewCell.swift; sourceTree = "<group>"; };
		01C894E32B0E7BB100C610B7 /* ColorCollectionViewCell.swift */ = {isa = PBXFileReference; fileEncoding = 4; lastKnownFileType = sourcecode.swift; path = ColorCollectionViewCell.swift; sourceTree = "<group>"; };
		01C894E42B0E7BB100C610B7 /* EmojiColorCollectionViewCell.swift */ = {isa = PBXFileReference; fileEncoding = 4; lastKnownFileType = sourcecode.swift; path = EmojiColorCollectionViewCell.swift; sourceTree = "<group>"; };
		01C894E52B0E7BB100C610B7 /* CreateCategoriesTableViewCell.swift */ = {isa = PBXFileReference; fileEncoding = 4; lastKnownFileType = sourcecode.swift; path = CreateCategoriesTableViewCell.swift; sourceTree = "<group>"; };
		01C894E72B0E7BB100C610B7 /* HeaderReusableView.swift */ = {isa = PBXFileReference; fileEncoding = 4; lastKnownFileType = sourcecode.swift; path = HeaderReusableView.swift; sourceTree = "<group>"; };
		01C894E92B0E7BB100C610B7 /* ScheduleViewController.swift */ = {isa = PBXFileReference; fileEncoding = 4; lastKnownFileType = sourcecode.swift; path = ScheduleViewController.swift; sourceTree = "<group>"; };
		01C894EA2B0E7BB100C610B7 /* CreateTrackerViewController.swift */ = {isa = PBXFileReference; fileEncoding = 4; lastKnownFileType = sourcecode.swift; path = CreateTrackerViewController.swift; sourceTree = "<group>"; };
		01C894EB2B0E7BB100C610B7 /* TrackersViewController.swift */ = {isa = PBXFileReference; fileEncoding = 4; lastKnownFileType = sourcecode.swift; path = TrackersViewController.swift; sourceTree = "<group>"; };
		01C894EC2B0E7BB100C610B7 /* CreateCategoriesViewController.swift */ = {isa = PBXFileReference; fileEncoding = 4; lastKnownFileType = sourcecode.swift; path = CreateCategoriesViewController.swift; sourceTree = "<group>"; };
		01C894ED2B0E7BB100C610B7 /* EventSelectionViewController.swift */ = {isa = PBXFileReference; fileEncoding = 4; lastKnownFileType = sourcecode.swift; path = EventSelectionViewController.swift; sourceTree = "<group>"; };
		01C894EE2B0E7BB100C610B7 /* StatisticViewController.swift */ = {isa = PBXFileReference; fileEncoding = 4; lastKnownFileType = sourcecode.swift; path = StatisticViewController.swift; sourceTree = "<group>"; };
		01C894EF2B0E7BB100C610B7 /* NewCategoryViewController.swift */ = {isa = PBXFileReference; fileEncoding = 4; lastKnownFileType = sourcecode.swift; path = NewCategoryViewController.swift; sourceTree = "<group>"; };
		01C894F12B0E7BB100C610B7 /* GeometricParams.swift */ = {isa = PBXFileReference; fileEncoding = 4; lastKnownFileType = sourcecode.swift; path = GeometricParams.swift; sourceTree = "<group>"; };
		01C894F22B0E7BB100C610B7 /* RecordStateCell.swift */ = {isa = PBXFileReference; fileEncoding = 4; lastKnownFileType = sourcecode.swift; path = RecordStateCell.swift; sourceTree = "<group>"; };
		01C894F42B0E7BB100C610B7 /* WeekDay.swift */ = {isa = PBXFileReference; fileEncoding = 4; lastKnownFileType = sourcecode.swift; path = WeekDay.swift; sourceTree = "<group>"; };
		01C894F52B0E7BB100C610B7 /* ChoiceParametrs.swift */ = {isa = PBXFileReference; fileEncoding = 4; lastKnownFileType = sourcecode.swift; path = ChoiceParametrs.swift; sourceTree = "<group>"; };
		01C894F62B0E7BB100C610B7 /* Header.swift */ = {isa = PBXFileReference; fileEncoding = 4; lastKnownFileType = sourcecode.swift; path = Header.swift; sourceTree = "<group>"; };
		01C894F72B0E7BB100C610B7 /* NameEvent.swift */ = {isa = PBXFileReference; fileEncoding = 4; lastKnownFileType = sourcecode.swift; path = NameEvent.swift; sourceTree = "<group>"; };
		01C894F82B0E7BB100C610B7 /* TrackerCategoryModel.swift */ = {isa = PBXFileReference; fileEncoding = 4; lastKnownFileType = sourcecode.swift; path = TrackerCategoryModel.swift; sourceTree = "<group>"; };
		01C894F92B0E7BB100C610B7 /* TrackerModel.swift */ = {isa = PBXFileReference; fileEncoding = 4; lastKnownFileType = sourcecode.swift; path = TrackerModel.swift; sourceTree = "<group>"; };
		01C894FA2B0E7BB100C610B7 /* TrackerRecordModel.swift */ = {isa = PBXFileReference; fileEncoding = 4; lastKnownFileType = sourcecode.swift; path = TrackerRecordModel.swift; sourceTree = "<group>"; };
		01C894FC2B0E7BB100C610B7 /* Manager.swift */ = {isa = PBXFileReference; fileEncoding = 4; lastKnownFileType = sourcecode.swift; path = Manager.swift; sourceTree = "<group>"; };
/* End PBXFileReference section */

/* Begin PBXFrameworksBuildPhase section */
		01C894BA2B0E7B7800C610B7 /* Frameworks */ = {
			isa = PBXFrameworksBuildPhase;
			buildActionMask = 2147483647;
			files = (
			);
			runOnlyForDeploymentPostprocessing = 0;
		};
/* End PBXFrameworksBuildPhase section */

/* Begin PBXGroup section */
		01C894B42B0E7B7800C610B7 = {
			isa = PBXGroup;
			children = (
				01C894BF2B0E7B7800C610B7 /* TrackeriOSMain */,
				01C894BE2B0E7B7800C610B7 /* Products */,
			);
			sourceTree = "<group>";
		};
		01C894BE2B0E7B7800C610B7 /* Products */ = {
			isa = PBXGroup;
			children = (
				01C894BD2B0E7B7800C610B7 /* TrackeriOSMain.app */,
			);
			name = Products;
			sourceTree = "<group>";
		};
		01C894BF2B0E7B7800C610B7 /* TrackeriOSMain */ = {
			isa = PBXGroup;
			children = (
				01C894DF2B0E7BB100C610B7 /* Cell */,
				01C894DD2B0E7BB100C610B7 /* CollectionView */,
				01C894D62B0E7BB100C610B7 /* Extensions */,
				01C894F02B0E7BB100C610B7 /* Models */,
				01C894FB2B0E7BB100C610B7 /* Service */,
				01C894E62B0E7BB100C610B7 /* SupplementaryView */,
				01C894D42B0E7BB100C610B7 /* TabBarController */,
				01C894E82B0E7BB100C610B7 /* ViewControllers */,
				01C894C02B0E7B7800C610B7 /* AppDelegate.swift */,
				01C894C22B0E7B7800C610B7 /* SceneDelegate.swift */,
				01C894C92B0E7B7900C610B7 /* Assets.xcassets */,
				01C894CB2B0E7B7900C610B7 /* LaunchScreen.storyboard */,
				01C894CE2B0E7B7900C610B7 /* Info.plist */,
			);
			path = TrackeriOSMain;
			sourceTree = "<group>";
		};
		01C894D42B0E7BB100C610B7 /* TabBarController */ = {
			isa = PBXGroup;
			children = (
				01C894D52B0E7BB100C610B7 /* TabBarController.swift */,
			);
			path = TabBarController;
			sourceTree = "<group>";
		};
		01C894D62B0E7BB100C610B7 /* Extensions */ = {
			isa = PBXGroup;
			children = (
				01C894D72B0E7BB100C610B7 /* Date.swift */,
				01C894D82B0E7BB100C610B7 /* FormatDate.swift */,
				01C894D92B0E7BB100C610B7 /* UIColor.swift */,
				01C894DA2B0E7BB100C610B7 /* UITextField.swift */,
				01C894DB2B0E7BB100C610B7 /* String.swift */,
				01C894DC2B0E7BB100C610B7 /* StringProtocol.swift */,
			);
			path = Extensions;
			sourceTree = "<group>";
		};
		01C894DD2B0E7BB100C610B7 /* CollectionView */ = {
			isa = PBXGroup;
			children = (
				01C894DE2B0E7BB100C610B7 /* TrackerCollectionView.swift */,
			);
			path = CollectionView;
			sourceTree = "<group>";
		};
		01C894DF2B0E7BB100C610B7 /* Cell */ = {
			isa = PBXGroup;
			children = (
				01C894E02B0E7BB100C610B7 /* CreateTrackerTableViewCell.swift */,
				01C894E12B0E7BB100C610B7 /* WeekDayTableViewCell.swift */,
				01C894E22B0E7BB100C610B7 /* TrackersCollectionViewCell.swift */,
				01C894E32B0E7BB100C610B7 /* ColorCollectionViewCell.swift */,
				01C894E42B0E7BB100C610B7 /* EmojiColorCollectionViewCell.swift */,
				01C894E52B0E7BB100C610B7 /* CreateCategoriesTableViewCell.swift */,
			);
			path = Cell;
			sourceTree = "<group>";
		};
		01C894E62B0E7BB100C610B7 /* SupplementaryView */ = {
			isa = PBXGroup;
			children = (
				01C894E72B0E7BB100C610B7 /* HeaderReusableView.swift */,
			);
			path = SupplementaryView;
			sourceTree = "<group>";
		};
		01C894E82B0E7BB100C610B7 /* ViewControllers */ = {
			isa = PBXGroup;
			children = (
				01C894E92B0E7BB100C610B7 /* ScheduleViewController.swift */,
				01C894EA2B0E7BB100C610B7 /* CreateTrackerViewController.swift */,
				01C894EB2B0E7BB100C610B7 /* TrackersViewController.swift */,
				01C894EC2B0E7BB100C610B7 /* CreateCategoriesViewController.swift */,
				01C894ED2B0E7BB100C610B7 /* EventSelectionViewController.swift */,
				01C894EE2B0E7BB100C610B7 /* StatisticViewController.swift */,
				01C894EF2B0E7BB100C610B7 /* NewCategoryViewController.swift */,
			);
			path = ViewControllers;
			sourceTree = "<group>";
		};
		01C894F02B0E7BB100C610B7 /* Models */ = {
			isa = PBXGroup;
			children = (
				01C894F12B0E7BB100C610B7 /* GeometricParams.swift */,
				01C894F22B0E7BB100C610B7 /* RecordStateCell.swift */,
				01C894F32B0E7BB100C610B7 /* Enum */,
				01C894F82B0E7BB100C610B7 /* TrackerCategoryModel.swift */,
				01C894F92B0E7BB100C610B7 /* TrackerModel.swift */,
				01C894FA2B0E7BB100C610B7 /* TrackerRecordModel.swift */,
			);
			path = Models;
			sourceTree = "<group>";
		};
		01C894F32B0E7BB100C610B7 /* Enum */ = {
			isa = PBXGroup;
			children = (
				01C894F42B0E7BB100C610B7 /* WeekDay.swift */,
				01C894F52B0E7BB100C610B7 /* ChoiceParametrs.swift */,
				01C894F62B0E7BB100C610B7 /* Header.swift */,
				01C894F72B0E7BB100C610B7 /* NameEvent.swift */,
			);
			path = Enum;
			sourceTree = "<group>";
		};
		01C894FB2B0E7BB100C610B7 /* Service */ = {
			isa = PBXGroup;
			children = (
				01C894FC2B0E7BB100C610B7 /* Manager.swift */,
			);
			path = Service;
			sourceTree = "<group>";
		};
/* End PBXGroup section */

/* Begin PBXNativeTarget section */
		01C894BC2B0E7B7800C610B7 /* TrackeriOSMain */ = {
			isa = PBXNativeTarget;
			buildConfigurationList = 01C894D12B0E7B7900C610B7 /* Build configuration list for PBXNativeTarget "TrackeriOSMain" */;
			buildPhases = (
				01C894B92B0E7B7800C610B7 /* Sources */,
				01C894BA2B0E7B7800C610B7 /* Frameworks */,
				01C894BB2B0E7B7800C610B7 /* Resources */,
			);
			buildRules = (
			);
			dependencies = (
			);
			name = TrackeriOSMain;
			productName = TrackeriOSMain;
			productReference = 01C894BD2B0E7B7800C610B7 /* TrackeriOSMain.app */;
			productType = "com.apple.product-type.application";
		};
/* End PBXNativeTarget section */

/* Begin PBXProject section */
		01C894B52B0E7B7800C610B7 /* Project object */ = {
			isa = PBXProject;
			attributes = {
				BuildIndependentTargetsInParallel = 1;
				LastSwiftUpdateCheck = 1500;
				LastUpgradeCheck = 1500;
				TargetAttributes = {
					01C894BC2B0E7B7800C610B7 = {
						CreatedOnToolsVersion = 15.0.1;
					};
				};
			};
			buildConfigurationList = 01C894B82B0E7B7800C610B7 /* Build configuration list for PBXProject "TrackeriOSMain" */;
			compatibilityVersion = "Xcode 14.0";
			developmentRegion = en;
			hasScannedForEncodings = 0;
			knownRegions = (
				en,
				Base,
			);
			mainGroup = 01C894B42B0E7B7800C610B7;
			productRefGroup = 01C894BE2B0E7B7800C610B7 /* Products */;
			projectDirPath = "";
			projectRoot = "";
			targets = (
				01C894BC2B0E7B7800C610B7 /* TrackeriOSMain */,
			);
		};
/* End PBXProject section */

/* Begin PBXResourcesBuildPhase section */
		01C894BB2B0E7B7800C610B7 /* Resources */ = {
			isa = PBXResourcesBuildPhase;
			buildActionMask = 2147483647;
			files = (
				01C894CD2B0E7B7900C610B7 /* LaunchScreen.storyboard in Resources */,
				01C894CA2B0E7B7900C610B7 /* Assets.xcassets in Resources */,
			);
			runOnlyForDeploymentPostprocessing = 0;
		};
/* End PBXResourcesBuildPhase section */

/* Begin PBXSourcesBuildPhase section */
		01C894B92B0E7B7800C610B7 /* Sources */ = {
			isa = PBXSourcesBuildPhase;
			buildActionMask = 2147483647;
			files = (
				01C895152B0E7BB100C610B7 /* WeekDay.swift in Sources */,
				01C8951B2B0E7BB100C610B7 /* TrackerRecordModel.swift in Sources */,
				01C894FF2B0E7BB100C610B7 /* FormatDate.swift in Sources */,
				01C895122B0E7BB100C610B7 /* NewCategoryViewController.swift in Sources */,
				01C895002B0E7BB100C610B7 /* UIColor.swift in Sources */,
				01C895032B0E7BB100C610B7 /* StringProtocol.swift in Sources */,
				01C895142B0E7BB100C610B7 /* RecordStateCell.swift in Sources */,
				01C8950C2B0E7BB100C610B7 /* ScheduleViewController.swift in Sources */,
				01C8950A2B0E7BB100C610B7 /* CreateCategoriesTableViewCell.swift in Sources */,
				01C895092B0E7BB100C610B7 /* EmojiColorCollectionViewCell.swift in Sources */,
				01C895112B0E7BB100C610B7 /* StatisticViewController.swift in Sources */,
				01C8951A2B0E7BB100C610B7 /* TrackerModel.swift in Sources */,
				01C895162B0E7BB100C610B7 /* ChoiceParametrs.swift in Sources */,
				01C895012B0E7BB100C610B7 /* UITextField.swift in Sources */,
				01C894FD2B0E7BB100C610B7 /* TabBarController.swift in Sources */,
				01C894C12B0E7B7800C610B7 /* AppDelegate.swift in Sources */,
				01C8950B2B0E7BB100C610B7 /* HeaderReusableView.swift in Sources */,
				01C895062B0E7BB100C610B7 /* WeekDayTableViewCell.swift in Sources */,
				01C895172B0E7BB100C610B7 /* Header.swift in Sources */,
				01C894C32B0E7B7800C610B7 /* SceneDelegate.swift in Sources */,
				01C895082B0E7BB100C610B7 /* ColorCollectionViewCell.swift in Sources */,
				01C895182B0E7BB100C610B7 /* NameEvent.swift in Sources */,
				01C895042B0E7BB100C610B7 /* TrackerCollectionView.swift in Sources */,
				01C895052B0E7BB100C610B7 /* CreateTrackerTableViewCell.swift in Sources */,
				01C895132B0E7BB100C610B7 /* GeometricParams.swift in Sources */,
				01C895192B0E7BB100C610B7 /* TrackerCategoryModel.swift in Sources */,
				01C895072B0E7BB100C610B7 /* TrackersCollectionViewCell.swift in Sources */,
				01C895022B0E7BB100C610B7 /* String.swift in Sources */,
				01C8950F2B0E7BB100C610B7 /* CreateCategoriesViewController.swift in Sources */,
				01C8950E2B0E7BB100C610B7 /* TrackersViewController.swift in Sources */,
				01C894FE2B0E7BB100C610B7 /* Date.swift in Sources */,
				01C895102B0E7BB100C610B7 /* EventSelectionViewController.swift in Sources */,
				01C8950D2B0E7BB100C610B7 /* CreateTrackerViewController.swift in Sources */,
				01C8951C2B0E7BB100C610B7 /* Manager.swift in Sources */,
			);
			runOnlyForDeploymentPostprocessing = 0;
		};
/* End PBXSourcesBuildPhase section */

/* Begin PBXVariantGroup section */
		01C894CB2B0E7B7900C610B7 /* LaunchScreen.storyboard */ = {
			isa = PBXVariantGroup;
			children = (
				01C894CC2B0E7B7900C610B7 /* Base */,
			);
			name = LaunchScreen.storyboard;
			sourceTree = "<group>";
		};
/* End PBXVariantGroup section */

/* Begin XCBuildConfiguration section */
		01C894CF2B0E7B7900C610B7 /* Debug */ = {
			isa = XCBuildConfiguration;
			buildSettings = {
				ALWAYS_SEARCH_USER_PATHS = NO;
				ASSETCATALOG_COMPILER_GENERATE_SWIFT_ASSET_SYMBOL_EXTENSIONS = YES;
				CLANG_ANALYZER_NONNULL = YES;
				CLANG_ANALYZER_NUMBER_OBJECT_CONVERSION = YES_AGGRESSIVE;
				CLANG_CXX_LANGUAGE_STANDARD = "gnu++20";
				CLANG_ENABLE_MODULES = YES;
				CLANG_ENABLE_OBJC_ARC = YES;
				CLANG_ENABLE_OBJC_WEAK = YES;
				CLANG_WARN_BLOCK_CAPTURE_AUTORELEASING = YES;
				CLANG_WARN_BOOL_CONVERSION = YES;
				CLANG_WARN_COMMA = YES;
				CLANG_WARN_CONSTANT_CONVERSION = YES;
				CLANG_WARN_DEPRECATED_OBJC_IMPLEMENTATIONS = YES;
				CLANG_WARN_DIRECT_OBJC_ISA_USAGE = YES_ERROR;
				CLANG_WARN_DOCUMENTATION_COMMENTS = YES;
				CLANG_WARN_EMPTY_BODY = YES;
				CLANG_WARN_ENUM_CONVERSION = YES;
				CLANG_WARN_INFINITE_RECURSION = YES;
				CLANG_WARN_INT_CONVERSION = YES;
				CLANG_WARN_NON_LITERAL_NULL_CONVERSION = YES;
				CLANG_WARN_OBJC_IMPLICIT_RETAIN_SELF = YES;
				CLANG_WARN_OBJC_LITERAL_CONVERSION = YES;
				CLANG_WARN_OBJC_ROOT_CLASS = YES_ERROR;
				CLANG_WARN_QUOTED_INCLUDE_IN_FRAMEWORK_HEADER = YES;
				CLANG_WARN_RANGE_LOOP_ANALYSIS = YES;
				CLANG_WARN_STRICT_PROTOTYPES = YES;
				CLANG_WARN_SUSPICIOUS_MOVE = YES;
				CLANG_WARN_UNGUARDED_AVAILABILITY = YES_AGGRESSIVE;
				CLANG_WARN_UNREACHABLE_CODE = YES;
				CLANG_WARN__DUPLICATE_METHOD_MATCH = YES;
				COPY_PHASE_STRIP = NO;
				DEBUG_INFORMATION_FORMAT = dwarf;
				ENABLE_STRICT_OBJC_MSGSEND = YES;
				ENABLE_TESTABILITY = YES;
				ENABLE_USER_SCRIPT_SANDBOXING = YES;
				GCC_C_LANGUAGE_STANDARD = gnu17;
				GCC_DYNAMIC_NO_PIC = NO;
				GCC_NO_COMMON_BLOCKS = YES;
				GCC_OPTIMIZATION_LEVEL = 0;
				GCC_PREPROCESSOR_DEFINITIONS = (
					"DEBUG=1",
					"$(inherited)",
				);
				GCC_WARN_64_TO_32_BIT_CONVERSION = YES;
				GCC_WARN_ABOUT_RETURN_TYPE = YES_ERROR;
				GCC_WARN_UNDECLARED_SELECTOR = YES;
				GCC_WARN_UNINITIALIZED_AUTOS = YES_AGGRESSIVE;
				GCC_WARN_UNUSED_FUNCTION = YES;
				GCC_WARN_UNUSED_VARIABLE = YES;
				IPHONEOS_DEPLOYMENT_TARGET = 17.0;
				LOCALIZATION_PREFERS_STRING_CATALOGS = YES;
				MTL_ENABLE_DEBUG_INFO = INCLUDE_SOURCE;
				MTL_FAST_MATH = YES;
				ONLY_ACTIVE_ARCH = YES;
				SDKROOT = iphoneos;
				SWIFT_ACTIVE_COMPILATION_CONDITIONS = "DEBUG $(inherited)";
				SWIFT_OPTIMIZATION_LEVEL = "-Onone";
			};
			name = Debug;
		};
		01C894D02B0E7B7900C610B7 /* Release */ = {
			isa = XCBuildConfiguration;
			buildSettings = {
				ALWAYS_SEARCH_USER_PATHS = NO;
				ASSETCATALOG_COMPILER_GENERATE_SWIFT_ASSET_SYMBOL_EXTENSIONS = YES;
				CLANG_ANALYZER_NONNULL = YES;
				CLANG_ANALYZER_NUMBER_OBJECT_CONVERSION = YES_AGGRESSIVE;
				CLANG_CXX_LANGUAGE_STANDARD = "gnu++20";
				CLANG_ENABLE_MODULES = YES;
				CLANG_ENABLE_OBJC_ARC = YES;
				CLANG_ENABLE_OBJC_WEAK = YES;
				CLANG_WARN_BLOCK_CAPTURE_AUTORELEASING = YES;
				CLANG_WARN_BOOL_CONVERSION = YES;
				CLANG_WARN_COMMA = YES;
				CLANG_WARN_CONSTANT_CONVERSION = YES;
				CLANG_WARN_DEPRECATED_OBJC_IMPLEMENTATIONS = YES;
				CLANG_WARN_DIRECT_OBJC_ISA_USAGE = YES_ERROR;
				CLANG_WARN_DOCUMENTATION_COMMENTS = YES;
				CLANG_WARN_EMPTY_BODY = YES;
				CLANG_WARN_ENUM_CONVERSION = YES;
				CLANG_WARN_INFINITE_RECURSION = YES;
				CLANG_WARN_INT_CONVERSION = YES;
				CLANG_WARN_NON_LITERAL_NULL_CONVERSION = YES;
				CLANG_WARN_OBJC_IMPLICIT_RETAIN_SELF = YES;
				CLANG_WARN_OBJC_LITERAL_CONVERSION = YES;
				CLANG_WARN_OBJC_ROOT_CLASS = YES_ERROR;
				CLANG_WARN_QUOTED_INCLUDE_IN_FRAMEWORK_HEADER = YES;
				CLANG_WARN_RANGE_LOOP_ANALYSIS = YES;
				CLANG_WARN_STRICT_PROTOTYPES = YES;
				CLANG_WARN_SUSPICIOUS_MOVE = YES;
				CLANG_WARN_UNGUARDED_AVAILABILITY = YES_AGGRESSIVE;
				CLANG_WARN_UNREACHABLE_CODE = YES;
				CLANG_WARN__DUPLICATE_METHOD_MATCH = YES;
				COPY_PHASE_STRIP = NO;
				DEBUG_INFORMATION_FORMAT = "dwarf-with-dsym";
				ENABLE_NS_ASSERTIONS = NO;
				ENABLE_STRICT_OBJC_MSGSEND = YES;
				ENABLE_USER_SCRIPT_SANDBOXING = YES;
				GCC_C_LANGUAGE_STANDARD = gnu17;
				GCC_NO_COMMON_BLOCKS = YES;
				GCC_WARN_64_TO_32_BIT_CONVERSION = YES;
				GCC_WARN_ABOUT_RETURN_TYPE = YES_ERROR;
				GCC_WARN_UNDECLARED_SELECTOR = YES;
				GCC_WARN_UNINITIALIZED_AUTOS = YES_AGGRESSIVE;
				GCC_WARN_UNUSED_FUNCTION = YES;
				GCC_WARN_UNUSED_VARIABLE = YES;
				IPHONEOS_DEPLOYMENT_TARGET = 17.0;
				LOCALIZATION_PREFERS_STRING_CATALOGS = YES;
				MTL_ENABLE_DEBUG_INFO = NO;
				MTL_FAST_MATH = YES;
				SDKROOT = iphoneos;
				SWIFT_COMPILATION_MODE = wholemodule;
				VALIDATE_PRODUCT = YES;
			};
			name = Release;
		};
		01C894D22B0E7B7900C610B7 /* Debug */ = {
			isa = XCBuildConfiguration;
			buildSettings = {
				ASSETCATALOG_COMPILER_APPICON_NAME = AppIcon;
				ASSETCATALOG_COMPILER_GLOBAL_ACCENT_COLOR_NAME = AccentColor;
				CODE_SIGN_STYLE = Automatic;
				CURRENT_PROJECT_VERSION = 1;
				DEVELOPMENT_TEAM = 34GC5A882B;
				GENERATE_INFOPLIST_FILE = YES;
				INFOPLIST_FILE = TrackeriOSMain/Info.plist;
				INFOPLIST_KEY_UIApplicationSupportsIndirectInputEvents = YES;
				INFOPLIST_KEY_UILaunchStoryboardName = LaunchScreen;
				INFOPLIST_KEY_UISupportedInterfaceOrientations_iPad = "UIInterfaceOrientationPortrait UIInterfaceOrientationPortraitUpsideDown UIInterfaceOrientationLandscapeLeft UIInterfaceOrientationLandscapeRight";
				INFOPLIST_KEY_UISupportedInterfaceOrientations_iPhone = "UIInterfaceOrientationPortrait UIInterfaceOrientationLandscapeLeft UIInterfaceOrientationLandscapeRight";
				LD_RUNPATH_SEARCH_PATHS = (
					"$(inherited)",
					"@executable_path/Frameworks",
				);
				MARKETING_VERSION = 1.0;
				PRODUCT_BUNDLE_IDENTIFIER = com.runtime.TrackeriOSMain;
				PRODUCT_NAME = "$(TARGET_NAME)";
				SWIFT_EMIT_LOC_STRINGS = YES;
				SWIFT_VERSION = 5.0;
				TARGETED_DEVICE_FAMILY = "1,2";
			};
			name = Debug;
		};
		01C894D32B0E7B7900C610B7 /* Release */ = {
			isa = XCBuildConfiguration;
			buildSettings = {
				ASSETCATALOG_COMPILER_APPICON_NAME = AppIcon;
				ASSETCATALOG_COMPILER_GLOBAL_ACCENT_COLOR_NAME = AccentColor;
				CODE_SIGN_STYLE = Automatic;
				CURRENT_PROJECT_VERSION = 1;
				DEVELOPMENT_TEAM = 34GC5A882B;
				GENERATE_INFOPLIST_FILE = YES;
				INFOPLIST_FILE = TrackeriOSMain/Info.plist;
				INFOPLIST_KEY_UIApplicationSupportsIndirectInputEvents = YES;
				INFOPLIST_KEY_UILaunchStoryboardName = LaunchScreen;
				INFOPLIST_KEY_UISupportedInterfaceOrientations_iPad = "UIInterfaceOrientationPortrait UIInterfaceOrientationPortraitUpsideDown UIInterfaceOrientationLandscapeLeft UIInterfaceOrientationLandscapeRight";
				INFOPLIST_KEY_UISupportedInterfaceOrientations_iPhone = "UIInterfaceOrientationPortrait UIInterfaceOrientationLandscapeLeft UIInterfaceOrientationLandscapeRight";
				LD_RUNPATH_SEARCH_PATHS = (
					"$(inherited)",
					"@executable_path/Frameworks",
				);
				MARKETING_VERSION = 1.0;
				PRODUCT_BUNDLE_IDENTIFIER = com.runtime.TrackeriOSMain;
				PRODUCT_NAME = "$(TARGET_NAME)";
				SWIFT_EMIT_LOC_STRINGS = YES;
				SWIFT_VERSION = 5.0;
				TARGETED_DEVICE_FAMILY = "1,2";
			};
			name = Release;
		};
/* End XCBuildConfiguration section */

/* Begin XCConfigurationList section */
		01C894B82B0E7B7800C610B7 /* Build configuration list for PBXProject "TrackeriOSMain" */ = {
			isa = XCConfigurationList;
			buildConfigurations = (
				01C894CF2B0E7B7900C610B7 /* Debug */,
				01C894D02B0E7B7900C610B7 /* Release */,
			);
			defaultConfigurationIsVisible = 0;
			defaultConfigurationName = Release;
		};
		01C894D12B0E7B7900C610B7 /* Build configuration list for PBXNativeTarget "TrackeriOSMain" */ = {
			isa = XCConfigurationList;
			buildConfigurations = (
				01C894D22B0E7B7900C610B7 /* Debug */,
				01C894D32B0E7B7900C610B7 /* Release */,
			);
			defaultConfigurationIsVisible = 0;
			defaultConfigurationName = Release;
		};
/* End XCConfigurationList section */
	};
	rootObject = 01C894B52B0E7B7800C610B7 /* Project object */;
}
